// !$*UTF8*$!
{
	archiveVersion = 1;
	classes = {
	};
	objectVersion = 46;
	objects = {

/* Begin PBXBuildFile section */
		372048AE1B96973700C06C3B /* main.m in Sources */ = {isa = PBXBuildFile; fileRef = 372048AD1B96973700C06C3B /* main.m */; };
		372048B11B96973700C06C3B /* AppDelegate.m in Sources */ = {isa = PBXBuildFile; fileRef = 372048B01B96973700C06C3B /* AppDelegate.m */; };
		372048B41B96973700C06C3B /* ViewController.m in Sources */ = {isa = PBXBuildFile; fileRef = 372048B31B96973700C06C3B /* ViewController.m */; };
		372048B91B96973700C06C3B /* Images.xcassets in Resources */ = {isa = PBXBuildFile; fileRef = 372048B81B96973700C06C3B /* Images.xcassets */; };
		372048BC1B96973700C06C3B /* LaunchScreen.xib in Resources */ = {isa = PBXBuildFile; fileRef = 372048BA1B96973700C06C3B /* LaunchScreen.xib */; };
		372048C81B96973700C06C3B /* DPPhotoSelectorTests.m in Sources */ = {isa = PBXBuildFile; fileRef = 372048C71B96973700C06C3B /* DPPhotoSelectorTests.m */; };
		372048D81B96989800C06C3B /* DPPhotoGroupViewController.m in Sources */ = {isa = PBXBuildFile; fileRef = 372048D31B96989800C06C3B /* DPPhotoGroupViewController.m */; };
		372048D91B96989800C06C3B /* DPPhotoListViewController.m in Sources */ = {isa = PBXBuildFile; fileRef = 372048D51B96989800C06C3B /* DPPhotoListViewController.m */; };
		372048DA1B96989800C06C3B /* UINavigationController+FDFullscreenPopGesture.m in Sources */ = {isa = PBXBuildFile; fileRef = 372048D71B96989800C06C3B /* UINavigationController+FDFullscreenPopGesture.m */; };
/* End PBXBuildFile section */

/* Begin PBXContainerItemProxy section */
		372048C21B96973700C06C3B /* PBXContainerItemProxy */ = {
			isa = PBXContainerItemProxy;
			containerPortal = 372048A01B96973700C06C3B /* Project object */;
			proxyType = 1;
			remoteGlobalIDString = 372048A71B96973700C06C3B;
			remoteInfo = DPPhotoSelector;
		};
/* End PBXContainerItemProxy section */

/* Begin PBXFileReference section */
		372048A81B96973700C06C3B /* DPPhotoSelector.app */ = {isa = PBXFileReference; explicitFileType = wrapper.application; includeInIndex = 0; path = DPPhotoSelector.app; sourceTree = BUILT_PRODUCTS_DIR; };
		372048AC1B96973700C06C3B /* Info.plist */ = {isa = PBXFileReference; lastKnownFileType = text.plist.xml; path = Info.plist; sourceTree = "<group>"; };
		372048AD1B96973700C06C3B /* main.m */ = {isa = PBXFileReference; lastKnownFileType = sourcecode.c.objc; path = main.m; sourceTree = "<group>"; };
		372048AF1B96973700C06C3B /* AppDelegate.h */ = {isa = PBXFileReference; lastKnownFileType = sourcecode.c.h; path = AppDelegate.h; sourceTree = "<group>"; };
		372048B01B96973700C06C3B /* AppDelegate.m */ = {isa = PBXFileReference; lastKnownFileType = sourcecode.c.objc; path = AppDelegate.m; sourceTree = "<group>"; };
		372048B21B96973700C06C3B /* ViewController.h */ = {isa = PBXFileReference; lastKnownFileType = sourcecode.c.h; path = ViewController.h; sourceTree = "<group>"; };
		372048B31B96973700C06C3B /* ViewController.m */ = {isa = PBXFileReference; lastKnownFileType = sourcecode.c.objc; path = ViewController.m; sourceTree = "<group>"; };
		372048B81B96973700C06C3B /* Images.xcassets */ = {isa = PBXFileReference; lastKnownFileType = folder.assetcatalog; path = Images.xcassets; sourceTree = "<group>"; };
		372048BB1B96973700C06C3B /* Base */ = {isa = PBXFileReference; lastKnownFileType = file.xib; name = Base; path = Base.lproj/LaunchScreen.xib; sourceTree = "<group>"; };
		372048C11B96973700C06C3B /* DPPhotoSelectorTests.xctest */ = {isa = PBXFileReference; explicitFileType = wrapper.cfbundle; includeInIndex = 0; path = DPPhotoSelectorTests.xctest; sourceTree = BUILT_PRODUCTS_DIR; };
		372048C61B96973700C06C3B /* Info.plist */ = {isa = PBXFileReference; lastKnownFileType = text.plist.xml; path = Info.plist; sourceTree = "<group>"; };
		372048C71B96973700C06C3B /* DPPhotoSelectorTests.m */ = {isa = PBXFileReference; lastKnownFileType = sourcecode.c.objc; path = DPPhotoSelectorTests.m; sourceTree = "<group>"; };
		372048D11B96987300C06C3B /* DPPhotoSelector-Prefix.pch */ = {isa = PBXFileReference; fileEncoding = 4; lastKnownFileType = sourcecode.c.h; path = "DPPhotoSelector-Prefix.pch"; sourceTree = "<group>"; };
		372048D21B96989800C06C3B /* DPPhotoGroupViewController.h */ = {isa = PBXFileReference; fileEncoding = 4; lastKnownFileType = sourcecode.c.h; path = DPPhotoGroupViewController.h; sourceTree = "<group>"; };
		372048D31B96989800C06C3B /* DPPhotoGroupViewController.m */ = {isa = PBXFileReference; fileEncoding = 4; lastKnownFileType = sourcecode.c.objc; path = DPPhotoGroupViewController.m; sourceTree = "<group>"; };
		372048D41B96989800C06C3B /* DPPhotoListViewController.h */ = {isa = PBXFileReference; fileEncoding = 4; lastKnownFileType = sourcecode.c.h; path = DPPhotoListViewController.h; sourceTree = "<group>"; };
		372048D51B96989800C06C3B /* DPPhotoListViewController.m */ = {isa = PBXFileReference; fileEncoding = 4; lastKnownFileType = sourcecode.c.objc; path = DPPhotoListViewController.m; sourceTree = "<group>"; };
		372048D61B96989800C06C3B /* UINavigationController+FDFullscreenPopGesture.h */ = {isa = PBXFileReference; fileEncoding = 4; lastKnownFileType = sourcecode.c.h; path = "UINavigationController+FDFullscreenPopGesture.h"; sourceTree = "<group>"; };
		372048D71B96989800C06C3B /* UINavigationController+FDFullscreenPopGesture.m */ = {isa = PBXFileReference; fileEncoding = 4; lastKnownFileType = sourcecode.c.objc; path = "UINavigationController+FDFullscreenPopGesture.m"; sourceTree = "<group>"; };
/* End PBXFileReference section */

/* Begin PBXFrameworksBuildPhase section */
		372048A51B96973700C06C3B /* Frameworks */ = {
			isa = PBXFrameworksBuildPhase;
			buildActionMask = 2147483647;
			files = (
			);
			runOnlyForDeploymentPostprocessing = 0;
		};
		372048BE1B96973700C06C3B /* Frameworks */ = {
			isa = PBXFrameworksBuildPhase;
			buildActionMask = 2147483647;
			files = (
			);
			runOnlyForDeploymentPostprocessing = 0;
		};
/* End PBXFrameworksBuildPhase section */

/* Begin PBXGroup section */
		3720489F1B96973700C06C3B = {
			isa = PBXGroup;
			children = (
				372048AA1B96973700C06C3B /* DPPhotoSelector */,
				372048C41B96973700C06C3B /* DPPhotoSelectorTests */,
				372048A91B96973700C06C3B /* Products */,
			);
			sourceTree = "<group>";
		};
		372048A91B96973700C06C3B /* Products */ = {
			isa = PBXGroup;
			children = (
				372048A81B96973700C06C3B /* DPPhotoSelector.app */,
				372048C11B96973700C06C3B /* DPPhotoSelectorTests.xctest */,
			);
			name = Products;
			sourceTree = "<group>";
		};
		372048AA1B96973700C06C3B /* DPPhotoSelector */ = {
			isa = PBXGroup;
			children = (
				372048AF1B96973700C06C3B /* AppDelegate.h */,
				372048B01B96973700C06C3B /* AppDelegate.m */,
				372048B21B96973700C06C3B /* ViewController.h */,
				372048B31B96973700C06C3B /* ViewController.m */,
				372048D21B96989800C06C3B /* DPPhotoGroupViewController.h */,
				372048D31B96989800C06C3B /* DPPhotoGroupViewController.m */,
				372048D41B96989800C06C3B /* DPPhotoListViewController.h */,
				372048D51B96989800C06C3B /* DPPhotoListViewController.m */,
				372048D61B96989800C06C3B /* UINavigationController+FDFullscreenPopGesture.h */,
				372048D71B96989800C06C3B /* UINavigationController+FDFullscreenPopGesture.m */,
				372048B81B96973700C06C3B /* Images.xcassets */,
				372048BA1B96973700C06C3B /* LaunchScreen.xib */,
				372048AB1B96973700C06C3B /* Supporting Files */,
			);
			path = DPPhotoSelector;
			sourceTree = "<group>";
		};
		372048AB1B96973700C06C3B /* Supporting Files */ = {
			isa = PBXGroup;
			children = (
				372048AC1B96973700C06C3B /* Info.plist */,
				372048AD1B96973700C06C3B /* main.m */,
				372048D11B96987300C06C3B /* DPPhotoSelector-Prefix.pch */,
			);
			name = "Supporting Files";
			sourceTree = "<group>";
		};
		372048C41B96973700C06C3B /* DPPhotoSelectorTests */ = {
			isa = PBXGroup;
			children = (
				372048C71B96973700C06C3B /* DPPhotoSelectorTests.m */,
				372048C51B96973700C06C3B /* Supporting Files */,
			);
			path = DPPhotoSelectorTests;
			sourceTree = "<group>";
		};
		372048C51B96973700C06C3B /* Supporting Files */ = {
			isa = PBXGroup;
			children = (
				372048C61B96973700C06C3B /* Info.plist */,
			);
			name = "Supporting Files";
			sourceTree = "<group>";
		};
/* End PBXGroup section */

/* Begin PBXNativeTarget section */
		372048A71B96973700C06C3B /* DPPhotoSelector */ = {
			isa = PBXNativeTarget;
			buildConfigurationList = 372048CB1B96973700C06C3B /* Build configuration list for PBXNativeTarget "DPPhotoSelector" */;
			buildPhases = (
				372048A41B96973700C06C3B /* Sources */,
				372048A51B96973700C06C3B /* Frameworks */,
				372048A61B96973700C06C3B /* Resources */,
			);
			buildRules = (
			);
			dependencies = (
			);
			name = DPPhotoSelector;
			productName = DPPhotoSelector;
			productReference = 372048A81B96973700C06C3B /* DPPhotoSelector.app */;
			productType = "com.apple.product-type.application";
		};
		372048C01B96973700C06C3B /* DPPhotoSelectorTests */ = {
			isa = PBXNativeTarget;
			buildConfigurationList = 372048CE1B96973700C06C3B /* Build configuration list for PBXNativeTarget "DPPhotoSelectorTests" */;
			buildPhases = (
				372048BD1B96973700C06C3B /* Sources */,
				372048BE1B96973700C06C3B /* Frameworks */,
				372048BF1B96973700C06C3B /* Resources */,
			);
			buildRules = (
			);
			dependencies = (
				372048C31B96973700C06C3B /* PBXTargetDependency */,
			);
			name = DPPhotoSelectorTests;
			productName = DPPhotoSelectorTests;
			productReference = 372048C11B96973700C06C3B /* DPPhotoSelectorTests.xctest */;
			productType = "com.apple.product-type.bundle.unit-test";
		};
/* End PBXNativeTarget section */

/* Begin PBXProject section */
		372048A01B96973700C06C3B /* Project object */ = {
			isa = PBXProject;
			attributes = {
				LastUpgradeCheck = 0640;
				ORGANIZATIONNAME = lidaipeng;
				TargetAttributes = {
					372048A71B96973700C06C3B = {
						CreatedOnToolsVersion = 6.4;
					};
					372048C01B96973700C06C3B = {
						CreatedOnToolsVersion = 6.4;
						TestTargetID = 372048A71B96973700C06C3B;
					};
				};
			};
			buildConfigurationList = 372048A31B96973700C06C3B /* Build configuration list for PBXProject "DPPhotoSelector" */;
			compatibilityVersion = "Xcode 3.2";
			developmentRegion = English;
			hasScannedForEncodings = 0;
			knownRegions = (
				en,
				Base,
			);
			mainGroup = 3720489F1B96973700C06C3B;
			productRefGroup = 372048A91B96973700C06C3B /* Products */;
			projectDirPath = "";
			projectRoot = "";
			targets = (
				372048A71B96973700C06C3B /* DPPhotoSelector */,
				372048C01B96973700C06C3B /* DPPhotoSelectorTests */,
			);
		};
/* End PBXProject section */

/* Begin PBXResourcesBuildPhase section */
		372048A61B96973700C06C3B /* Resources */ = {
			isa = PBXResourcesBuildPhase;
			buildActionMask = 2147483647;
			files = (
				372048BC1B96973700C06C3B /* LaunchScreen.xib in Resources */,
				372048B91B96973700C06C3B /* Images.xcassets in Resources */,
			);
			runOnlyForDeploymentPostprocessing = 0;
		};
		372048BF1B96973700C06C3B /* Resources */ = {
			isa = PBXResourcesBuildPhase;
			buildActionMask = 2147483647;
			files = (
			);
			runOnlyForDeploymentPostprocessing = 0;
		};
/* End PBXResourcesBuildPhase section */

/* Begin PBXSourcesBuildPhase section */
		372048A41B96973700C06C3B /* Sources */ = {
			isa = PBXSourcesBuildPhase;
			buildActionMask = 2147483647;
			files = (
				372048DA1B96989800C06C3B /* UINavigationController+FDFullscreenPopGesture.m in Sources */,
				372048D91B96989800C06C3B /* DPPhotoListViewController.m in Sources */,
				372048B41B96973700C06C3B /* ViewController.m in Sources */,
				372048D81B96989800C06C3B /* DPPhotoGroupViewController.m in Sources */,
				372048B11B96973700C06C3B /* AppDelegate.m in Sources */,
				372048AE1B96973700C06C3B /* main.m in Sources */,
			);
			runOnlyForDeploymentPostprocessing = 0;
		};
		372048BD1B96973700C06C3B /* Sources */ = {
			isa = PBXSourcesBuildPhase;
			buildActionMask = 2147483647;
			files = (
				372048C81B96973700C06C3B /* DPPhotoSelectorTests.m in Sources */,
			);
			runOnlyForDeploymentPostprocessing = 0;
		};
/* End PBXSourcesBuildPhase section */

/* Begin PBXTargetDependency section */
		372048C31B96973700C06C3B /* PBXTargetDependency */ = {
			isa = PBXTargetDependency;
			target = 372048A71B96973700C06C3B /* DPPhotoSelector */;
			targetProxy = 372048C21B96973700C06C3B /* PBXContainerItemProxy */;
		};
/* End PBXTargetDependency section */

/* Begin PBXVariantGroup section */
		372048BA1B96973700C06C3B /* LaunchScreen.xib */ = {
			isa = PBXVariantGroup;
			children = (
				372048BB1B96973700C06C3B /* Base */,
			);
			name = LaunchScreen.xib;
			sourceTree = "<group>";
		};
/* End PBXVariantGroup section */

/* Begin XCBuildConfiguration section */
		372048C91B96973700C06C3B /* Debug */ = {
			isa = XCBuildConfiguration;
			buildSettings = {
				ALWAYS_SEARCH_USER_PATHS = NO;
				CLANG_CXX_LANGUAGE_STANDARD = "gnu++0x";
				CLANG_CXX_LIBRARY = "libc++";
				CLANG_ENABLE_MODULES = YES;
				CLANG_ENABLE_OBJC_ARC = YES;
				CLANG_WARN_BOOL_CONVERSION = YES;
				CLANG_WARN_CONSTANT_CONVERSION = YES;
				CLANG_WARN_DIRECT_OBJC_ISA_USAGE = YES_ERROR;
				CLANG_WARN_EMPTY_BODY = YES;
				CLANG_WARN_ENUM_CONVERSION = YES;
				CLANG_WARN_INT_CONVERSION = YES;
				CLANG_WARN_OBJC_ROOT_CLASS = YES_ERROR;
				CLANG_WARN_UNREACHABLE_CODE = YES;
				CLANG_WARN__DUPLICATE_METHOD_MATCH = YES;
				"CODE_SIGN_IDENTITY[sdk=iphoneos*]" = "iPhone Developer";
				COPY_PHASE_STRIP = NO;
				DEBUG_INFORMATION_FORMAT = "dwarf-with-dsym";
				ENABLE_STRICT_OBJC_MSGSEND = YES;
				GCC_C_LANGUAGE_STANDARD = gnu99;
				GCC_DYNAMIC_NO_PIC = NO;
				GCC_NO_COMMON_BLOCKS = YES;
				GCC_OPTIMIZATION_LEVEL = 0;
				GCC_PREPROCESSOR_DEFINITIONS = (
					"DEBUG=1",
					"$(inherited)",
				);
				GCC_SYMBOLS_PRIVATE_EXTERN = NO;
				GCC_WARN_64_TO_32_BIT_CONVERSION = YES;
				GCC_WARN_ABOUT_RETURN_TYPE = YES_ERROR;
				GCC_WARN_UNDECLARED_SELECTOR = YES;
				GCC_WARN_UNINITIALIZED_AUTOS = YES_AGGRESSIVE;
				GCC_WARN_UNUSED_FUNCTION = YES;
				GCC_WARN_UNUSED_VARIABLE = YES;
				IPHONEOS_DEPLOYMENT_TARGET = 8.4;
				MTL_ENABLE_DEBUG_INFO = YES;
				ONLY_ACTIVE_ARCH = YES;
				SDKROOT = iphoneos;
			};
			name = Debug;
		};
		372048CA1B96973700C06C3B /* Release */ = {
			isa = XCBuildConfiguration;
			buildSettings = {
				ALWAYS_SEARCH_USER_PATHS = NO;
				CLANG_CXX_LANGUAGE_STANDARD = "gnu++0x";
				CLANG_CXX_LIBRARY = "libc++";
				CLANG_ENABLE_MODULES = YES;
				CLANG_ENABLE_OBJC_ARC = YES;
				CLANG_WARN_BOOL_CONVERSION = YES;
				CLANG_WARN_CONSTANT_CONVERSION = YES;
				CLANG_WARN_DIRECT_OBJC_ISA_USAGE = YES_ERROR;
				CLANG_WARN_EMPTY_BODY = YES;
				CLANG_WARN_ENUM_CONVERSION = YES;
				CLANG_WARN_INT_CONVERSION = YES;
				CLANG_WARN_OBJC_ROOT_CLASS = YES_ERROR;
				CLANG_WARN_UNREACHABLE_CODE = YES;
				CLANG_WARN__DUPLICATE_METHOD_MATCH = YES;
				"CODE_SIGN_IDENTITY[sdk=iphoneos*]" = "iPhone Developer";
				COPY_PHASE_STRIP = NO;
				DEBUG_INFORMATION_FORMAT = "dwarf-with-dsym";
				ENABLE_NS_ASSERTIONS = NO;
				ENABLE_STRICT_OBJC_MSGSEND = YES;
				GCC_C_LANGUAGE_STANDARD = gnu99;
				GCC_NO_COMMON_BLOCKS = YES;
				GCC_WARN_64_TO_32_BIT_CONVERSION = YES;
				GCC_WARN_ABOUT_RETURN_TYPE = YES_ERROR;
				GCC_WARN_UNDECLARED_SELECTOR = YES;
				GCC_WARN_UNINITIALIZED_AUTOS = YES_AGGRESSIVE;
				GCC_WARN_UNUSED_FUNCTION = YES;
				GCC_WARN_UNUSED_VARIABLE = YES;
				IPHONEOS_DEPLOYMENT_TARGET = 8.4;
				MTL_ENABLE_DEBUG_INFO = NO;
				SDKROOT = iphoneos;
				VALIDATE_PRODUCT = YES;
			};
			name = Release;
		};
		372048CC1B96973700C06C3B /* Debug */ = {
			isa = XCBuildConfiguration;
			buildSettings = {
				ASSETCATALOG_COMPILER_APPICON_NAME = AppIcon;
				GCC_PREFIX_HEADER = "DPPhotoSelector/DPPhotoSelector-Prefix.pch";
				INFOPLIST_FILE = DPPhotoSelector/Info.plist;
				LD_RUNPATH_SEARCH_PATHS = "$(inherited) @executable_path/Frameworks";
				PRODUCT_NAME = "$(TARGET_NAME)";
			};
			name = Debug;
		};
		372048CD1B96973700C06C3B /* Release */ = {
			isa = XCBuildConfiguration;
			buildSettings = {
				ASSETCATALOG_COMPILER_APPICON_NAME = AppIcon;
				GCC_PREFIX_HEADER = "DPPhotoSelector/DPPhotoSelector-Prefix.pch";
				INFOPLIST_FILE = DPPhotoSelector/Info.plist;
				LD_RUNPATH_SEARCH_PATHS = "$(inherited) @executable_path/Frameworks";
				PRODUCT_NAME = "$(TARGET_NAME)";
			};
			name = Release;
		};
		372048CF1B96973700C06C3B /* Debug */ = {
			isa = XCBuildConfiguration;
			buildSettings = {
				BUNDLE_LOADER = "$(TEST_HOST)";
				FRAMEWORK_SEARCH_PATHS = (
					"$(SDKROOT)/Developer/Library/Frameworks",
					"$(inherited)",
				);
				GCC_PREPROCESSOR_DEFINITIONS = (
					"DEBUG=1",
					"$(inherited)",
				);
				INFOPLIST_FILE = DPPhotoSelectorTests/Info.plist;
				LD_RUNPATH_SEARCH_PATHS = "$(inherited) @executable_path/Frameworks @loader_path/Frameworks";
				PRODUCT_NAME = "$(TARGET_NAME)";
				TEST_HOST = "$(BUILT_PRODUCTS_DIR)/DPPhotoSelector.app/DPPhotoSelector";
			};
			name = Debug;
		};
		372048D01B96973700C06C3B /* Release */ = {
			isa = XCBuildConfiguration;
			buildSettings = {
				BUNDLE_LOADER = "$(TEST_HOST)";
				FRAMEWORK_SEARCH_PATHS = (
					"$(SDKROOT)/Developer/Library/Frameworks",
					"$(inherited)",
				);
				INFOPLIST_FILE = DPPhotoSelectorTests/Info.plist;
				LD_RUNPATH_SEARCH_PATHS = "$(inherited) @executable_path/Frameworks @loader_path/Frameworks";
				PRODUCT_NAME = "$(TARGET_NAME)";
				TEST_HOST = "$(BUILT_PRODUCTS_DIR)/DPPhotoSelector.app/DPPhotoSelector";
			};
			name = Release;
		};
/* End XCBuildConfiguration section */

/* Begin XCConfigurationList section */
		372048A31B96973700C06C3B /* Build configuration list for PBXProject "DPPhotoSelector" */ = {
			isa = XCConfigurationList;
			buildConfigurations = (
				372048C91B96973700C06C3B /* Debug */,
				372048CA1B96973700C06C3B /* Release */,
			);
			defaultConfigurationIsVisible = 0;
			defaultConfigurationName = Release;
		};
		372048CB1B96973700C06C3B /* Build configuration list for PBXNativeTarget "DPPhotoSelector" */ = {
			isa = XCConfigurationList;
			buildConfigurations = (
				372048CC1B96973700C06C3B /* Debug */,
				372048CD1B96973700C06C3B /* Release */,
			);
			defaultConfigurationIsVisible = 0;
		};
		372048CE1B96973700C06C3B /* Build configuration list for PBXNativeTarget "DPPhotoSelectorTests" */ = {
			isa = XCConfigurationList;
			buildConfigurations = (
				372048CF1B96973700C06C3B /* Debug */,
				372048D01B96973700C06C3B /* Release */,
			);
			defaultConfigurationIsVisible = 0;
		};
/* End XCConfigurationList section */
	};
	rootObject = 372048A01B96973700C06C3B /* Project object */;
}
